// !$*UTF8*$!
{
	archiveVersion = 1;
	classes = {
	};
	objectVersion = 56;
	objects = {

/* Begin PBXBuildFile section */
		CA842627290094F20019291E /* AppDelegate.swift in Sources */ = {isa = PBXBuildFile; fileRef = CA842626290094F20019291E /* AppDelegate.swift */; };
		CA842629290094F20019291E /* SceneDelegate.swift in Sources */ = {isa = PBXBuildFile; fileRef = CA842628290094F20019291E /* SceneDelegate.swift */; };
		CA84262B290094F20019291E /* ViewController.swift in Sources */ = {isa = PBXBuildFile; fileRef = CA84262A290094F20019291E /* ViewController.swift */; };
		CA84262E290094F20019291E /* Main.storyboard in Resources */ = {isa = PBXBuildFile; fileRef = CA84262C290094F20019291E /* Main.storyboard */; };
		CA842630290094F20019291E /* Assets.xcassets in Resources */ = {isa = PBXBuildFile; fileRef = CA84262F290094F20019291E /* Assets.xcassets */; };
		CA842633290094F20019291E /* LaunchScreen.storyboard in Resources */ = {isa = PBXBuildFile; fileRef = CA842631290094F20019291E /* LaunchScreen.storyboard */; };
		CA84263E290094F30019291E /* AlertProjectTests.swift in Sources */ = {isa = PBXBuildFile; fileRef = CA84263D290094F30019291E /* AlertProjectTests.swift */; };
		CA842648290094F30019291E /* AlertProjectUITests.swift in Sources */ = {isa = PBXBuildFile; fileRef = CA842647290094F30019291E /* AlertProjectUITests.swift */; };
		CA84264A290094F30019291E /* AlertProjectUITestsLaunchTests.swift in Sources */ = {isa = PBXBuildFile; fileRef = CA842649290094F30019291E /* AlertProjectUITestsLaunchTests.swift */; };
/* End PBXBuildFile section */

/* Begin PBXContainerItemProxy section */
		CA84263A290094F30019291E /* PBXContainerItemProxy */ = {
			isa = PBXContainerItemProxy;
			containerPortal = CA84261B290094F20019291E /* Project object */;
			proxyType = 1;
			remoteGlobalIDString = CA842622290094F20019291E;
			remoteInfo = AlertProject;
		};
		CA842644290094F30019291E /* PBXContainerItemProxy */ = {
			isa = PBXContainerItemProxy;
			containerPortal = CA84261B290094F20019291E /* Project object */;
			proxyType = 1;
			remoteGlobalIDString = CA842622290094F20019291E;
			remoteInfo = AlertProject;
		};
/* End PBXContainerItemProxy section */

/* Begin PBXFileReference section */
		CA842623290094F20019291E /* AlertProject.app */ = {isa = PBXFileReference; explicitFileType = wrapper.application; includeInIndex = 0; path = AlertProject.app; sourceTree = BUILT_PRODUCTS_DIR; };
		CA842626290094F20019291E /* AppDelegate.swift */ = {isa = PBXFileReference; lastKnownFileType = sourcecode.swift; path = AppDelegate.swift; sourceTree = "<group>"; };
		CA842628290094F20019291E /* SceneDelegate.swift */ = {isa = PBXFileReference; lastKnownFileType = sourcecode.swift; path = SceneDelegate.swift; sourceTree = "<group>"; };
		CA84262A290094F20019291E /* ViewController.swift */ = {isa = PBXFileReference; lastKnownFileType = sourcecode.swift; path = ViewController.swift; sourceTree = "<group>"; };
		CA84262D290094F20019291E /* Base */ = {isa = PBXFileReference; lastKnownFileType = file.storyboard; name = Base; path = Base.lproj/Main.storyboard; sourceTree = "<group>"; };
		CA84262F290094F20019291E /* Assets.xcassets */ = {isa = PBXFileReference; lastKnownFileType = folder.assetcatalog; path = Assets.xcassets; sourceTree = "<group>"; };
		CA842632290094F20019291E /* Base */ = {isa = PBXFileReference; lastKnownFileType = file.storyboard; name = Base; path = Base.lproj/LaunchScreen.storyboard; sourceTree = "<group>"; };
		CA842634290094F20019291E /* Info.plist */ = {isa = PBXFileReference; lastKnownFileType = text.plist.xml; path = Info.plist; sourceTree = "<group>"; };
		CA842639290094F30019291E /* AlertProjectTests.xctest */ = {isa = PBXFileReference; explicitFileType = wrapper.cfbundle; includeInIndex = 0; path = AlertProjectTests.xctest; sourceTree = BUILT_PRODUCTS_DIR; };
		CA84263D290094F30019291E /* AlertProjectTests.swift */ = {isa = PBXFileReference; lastKnownFileType = sourcecode.swift; path = AlertProjectTests.swift; sourceTree = "<group>"; };
		CA842643290094F30019291E /* AlertProjectUITests.xctest */ = {isa = PBXFileReference; explicitFileType = wrapper.cfbundle; includeInIndex = 0; path = AlertProjectUITests.xctest; sourceTree = BUILT_PRODUCTS_DIR; };
		CA842647290094F30019291E /* AlertProjectUITests.swift */ = {isa = PBXFileReference; lastKnownFileType = sourcecode.swift; path = AlertProjectUITests.swift; sourceTree = "<group>"; };
		CA842649290094F30019291E /* AlertProjectUITestsLaunchTests.swift */ = {isa = PBXFileReference; lastKnownFileType = sourcecode.swift; path = AlertProjectUITestsLaunchTests.swift; sourceTree = "<group>"; };
/* End PBXFileReference section */

/* Begin PBXFrameworksBuildPhase section */
		CA842620290094F20019291E /* Frameworks */ = {
			isa = PBXFrameworksBuildPhase;
			buildActionMask = 2147483647;
			files = (
			);
			runOnlyForDeploymentPostprocessing = 0;
		};
		CA842636290094F30019291E /* Frameworks */ = {
			isa = PBXFrameworksBuildPhase;
			buildActionMask = 2147483647;
			files = (
			);
			runOnlyForDeploymentPostprocessing = 0;
		};
		CA842640290094F30019291E /* Frameworks */ = {
			isa = PBXFrameworksBuildPhase;
			buildActionMask = 2147483647;
			files = (
			);
			runOnlyForDeploymentPostprocessing = 0;
		};
/* End PBXFrameworksBuildPhase section */

/* Begin PBXGroup section */
		CA84261A290094F20019291E = {
			isa = PBXGroup;
			children = (
				CA842625290094F20019291E /* AlertProject */,
				CA84263C290094F30019291E /* AlertProjectTests */,
				CA842646290094F30019291E /* AlertProjectUITests */,
				CA842624290094F20019291E /* Products */,
			);
			sourceTree = "<group>";
		};
		CA842624290094F20019291E /* Products */ = {
			isa = PBXGroup;
			children = (
				CA842623290094F20019291E /* AlertProject.app */,
				CA842639290094F30019291E /* AlertProjectTests.xctest */,
				CA842643290094F30019291E /* AlertProjectUITests.xctest */,
			);
			name = Products;
			sourceTree = "<group>";
		};
		CA842625290094F20019291E /* AlertProject */ = {
			isa = PBXGroup;
			children = (
				CA842626290094F20019291E /* AppDelegate.swift */,
				CA842628290094F20019291E /* SceneDelegate.swift */,
				CA84262A290094F20019291E /* ViewController.swift */,
				CA84262C290094F20019291E /* Main.storyboard */,
				CA84262F290094F20019291E /* Assets.xcassets */,
				CA842631290094F20019291E /* LaunchScreen.storyboard */,
				CA842634290094F20019291E /* Info.plist */,
			);
			path = AlertProject;
			sourceTree = "<group>";
		};
		CA84263C290094F30019291E /* AlertProjectTests */ = {
			isa = PBXGroup;
			children = (
				CA84263D290094F30019291E /* AlertProjectTests.swift */,
			);
			path = AlertProjectTests;
			sourceTree = "<group>";
		};
		CA842646290094F30019291E /* AlertProjectUITests */ = {
			isa = PBXGroup;
			children = (
				CA842647290094F30019291E /* AlertProjectUITests.swift */,
				CA842649290094F30019291E /* AlertProjectUITestsLaunchTests.swift */,
			);
			path = AlertProjectUITests;
			sourceTree = "<group>";
		};
/* End PBXGroup section */

/* Begin PBXNativeTarget section */
		CA842622290094F20019291E /* AlertProject */ = {
			isa = PBXNativeTarget;
			buildConfigurationList = CA84264D290094F30019291E /* Build configuration list for PBXNativeTarget "AlertProject" */;
			buildPhases = (
				CA84261F290094F20019291E /* Sources */,
				CA842620290094F20019291E /* Frameworks */,
				CA842621290094F20019291E /* Resources */,
			);
			buildRules = (
			);
			dependencies = (
			);
			name = AlertProject;
			productName = AlertProject;
			productReference = CA842623290094F20019291E /* AlertProject.app */;
			productType = "com.apple.product-type.application";
		};
		CA842638290094F30019291E /* AlertProjectTests */ = {
			isa = PBXNativeTarget;
			buildConfigurationList = CA842650290094F30019291E /* Build configuration list for PBXNativeTarget "AlertProjectTests" */;
			buildPhases = (
				CA842635290094F30019291E /* Sources */,
				CA842636290094F30019291E /* Frameworks */,
				CA842637290094F30019291E /* Resources */,
			);
			buildRules = (
			);
			dependencies = (
				CA84263B290094F30019291E /* PBXTargetDependency */,
			);
			name = AlertProjectTests;
			productName = AlertProjectTests;
			productReference = CA842639290094F30019291E /* AlertProjectTests.xctest */;
			productType = "com.apple.product-type.bundle.unit-test";
		};
		CA842642290094F30019291E /* AlertProjectUITests */ = {
			isa = PBXNativeTarget;
			buildConfigurationList = CA842653290094F30019291E /* Build configuration list for PBXNativeTarget "AlertProjectUITests" */;
			buildPhases = (
				CA84263F290094F30019291E /* Sources */,
				CA842640290094F30019291E /* Frameworks */,
				CA842641290094F30019291E /* Resources */,
			);
			buildRules = (
			);
			dependencies = (
				CA842645290094F30019291E /* PBXTargetDependency */,
			);
			name = AlertProjectUITests;
			productName = AlertProjectUITests;
			productReference = CA842643290094F30019291E /* AlertProjectUITests.xctest */;
			productType = "com.apple.product-type.bundle.ui-testing";
		};
/* End PBXNativeTarget section */

/* Begin PBXProject section */
		CA84261B290094F20019291E /* Project object */ = {
			isa = PBXProject;
			attributes = {
				BuildIndependentTargetsInParallel = 1;
				LastSwiftUpdateCheck = 1400;
				LastUpgradeCheck = 1400;
				TargetAttributes = {
					CA842622290094F20019291E = {
						CreatedOnToolsVersion = 14.0.1;
					};
					CA842638290094F30019291E = {
						CreatedOnToolsVersion = 14.0.1;
						TestTargetID = CA842622290094F20019291E;
					};
					CA842642290094F30019291E = {
						CreatedOnToolsVersion = 14.0.1;
						TestTargetID = CA842622290094F20019291E;
					};
				};
			};
			buildConfigurationList = CA84261E290094F20019291E /* Build configuration list for PBXProject "AlertProject" */;
			compatibilityVersion = "Xcode 14.0";
			developmentRegion = en;
			hasScannedForEncodings = 0;
			knownRegions = (
				en,
				Base,
			);
			mainGroup = CA84261A290094F20019291E;
			productRefGroup = CA842624290094F20019291E /* Products */;
			projectDirPath = "";
			projectRoot = "";
			targets = (
				CA842622290094F20019291E /* AlertProject */,
				CA842638290094F30019291E /* AlertProjectTests */,
				CA842642290094F30019291E /* AlertProjectUITests */,
			);
		};
/* End PBXProject section */

/* Begin PBXResourcesBuildPhase section */
		CA842621290094F20019291E /* Resources */ = {
			isa = PBXResourcesBuildPhase;
			buildActionMask = 2147483647;
			files = (
				CA842633290094F20019291E /* LaunchScreen.storyboard in Resources */,
				CA842630290094F20019291E /* Assets.xcassets in Resources */,
				CA84262E290094F20019291E /* Main.storyboard in Resources */,
			);
			runOnlyForDeploymentPostprocessing = 0;
		};
		CA842637290094F30019291E /* Resources */ = {
			isa = PBXResourcesBuildPhase;
			buildActionMask = 2147483647;
			files = (
			);
			runOnlyForDeploymentPostprocessing = 0;
		};
		CA842641290094F30019291E /* Resources */ = {
			isa = PBXResourcesBuildPhase;
			buildActionMask = 2147483647;
			files = (
			);
			runOnlyForDeploymentPostprocessing = 0;
		};
/* End PBXResourcesBuildPhase section */

/* Begin PBXSourcesBuildPhase section */
		CA84261F290094F20019291E /* Sources */ = {
			isa = PBXSourcesBuildPhase;
			buildActionMask = 2147483647;
			files = (
				CA84262B290094F20019291E /* ViewController.swift in Sources */,
				CA842627290094F20019291E /* AppDelegate.swift in Sources */,
				CA842629290094F20019291E /* SceneDelegate.swift in Sources */,
			);
			runOnlyForDeploymentPostprocessing = 0;
		};
		CA842635290094F30019291E /* Sources */ = {
			isa = PBXSourcesBuildPhase;
			buildActionMask = 2147483647;
			files = (
				CA84263E290094F30019291E /* AlertProjectTests.swift in Sources */,
			);
			runOnlyForDeploymentPostprocessing = 0;
		};
		CA84263F290094F30019291E /* Sources */ = {
			isa = PBXSourcesBuildPhase;
			buildActionMask = 2147483647;
			files = (
				CA842648290094F30019291E /* AlertProjectUITests.swift in Sources */,
				CA84264A290094F30019291E /* AlertProjectUITestsLaunchTests.swift in Sources */,
			);
			runOnlyForDeploymentPostprocessing = 0;
		};
/* End PBXSourcesBuildPhase section */

/* Begin PBXTargetDependency section */
		CA84263B290094F30019291E /* PBXTargetDependency */ = {
			isa = PBXTargetDependency;
			target = CA842622290094F20019291E /* AlertProject */;
			targetProxy = CA84263A290094F30019291E /* PBXContainerItemProxy */;
		};
		CA842645290094F30019291E /* PBXTargetDependency */ = {
			isa = PBXTargetDependency;
			target = CA842622290094F20019291E /* AlertProject */;
			targetProxy = CA842644290094F30019291E /* PBXContainerItemProxy */;
		};
/* End PBXTargetDependency section */

/* Begin PBXVariantGroup section */
		CA84262C290094F20019291E /* Main.storyboard */ = {
			isa = PBXVariantGroup;
			children = (
				CA84262D290094F20019291E /* Base */,
			);
			name = Main.storyboard;
			sourceTree = "<group>";
		};
		CA842631290094F20019291E /* LaunchScreen.storyboard */ = {
			isa = PBXVariantGroup;
			children = (
				CA842632290094F20019291E /* Base */,
			);
			name = LaunchScreen.storyboard;
			sourceTree = "<group>";
		};
/* End PBXVariantGroup section */

/* Begin XCBuildConfiguration section */
		CA84264B290094F30019291E /* Debug */ = {
			isa = XCBuildConfiguration;
			buildSettings = {
				ALWAYS_SEARCH_USER_PATHS = NO;
				CLANG_ANALYZER_NONNULL = YES;
				CLANG_ANALYZER_NUMBER_OBJECT_CONVERSION = YES_AGGRESSIVE;
				CLANG_CXX_LANGUAGE_STANDARD = "gnu++20";
				CLANG_ENABLE_MODULES = YES;
				CLANG_ENABLE_OBJC_ARC = YES;
				CLANG_ENABLE_OBJC_WEAK = YES;
				CLANG_WARN_BLOCK_CAPTURE_AUTORELEASING = YES;
				CLANG_WARN_BOOL_CONVERSION = YES;
				CLANG_WARN_COMMA = YES;
				CLANG_WARN_CONSTANT_CONVERSION = YES;
				CLANG_WARN_DEPRECATED_OBJC_IMPLEMENTATIONS = YES;
				CLANG_WARN_DIRECT_OBJC_ISA_USAGE = YES_ERROR;
				CLANG_WARN_DOCUMENTATION_COMMENTS = YES;
				CLANG_WARN_EMPTY_BODY = YES;
				CLANG_WARN_ENUM_CONVERSION = YES;
				CLANG_WARN_INFINITE_RECURSION = YES;
				CLANG_WARN_INT_CONVERSION = YES;
				CLANG_WARN_NON_LITERAL_NULL_CONVERSION = YES;
				CLANG_WARN_OBJC_IMPLICIT_RETAIN_SELF = YES;
				CLANG_WARN_OBJC_LITERAL_CONVERSION = YES;
				CLANG_WARN_OBJC_ROOT_CLASS = YES_ERROR;
				CLANG_WARN_QUOTED_INCLUDE_IN_FRAMEWORK_HEADER = YES;
				CLANG_WARN_RANGE_LOOP_ANALYSIS = YES;
				CLANG_WARN_STRICT_PROTOTYPES = YES;
				CLANG_WARN_SUSPICIOUS_MOVE = YES;
				CLANG_WARN_UNGUARDED_AVAILABILITY = YES_AGGRESSIVE;
				CLANG_WARN_UNREACHABLE_CODE = YES;
				CLANG_WARN__DUPLICATE_METHOD_MATCH = YES;
				COPY_PHASE_STRIP = NO;
				DEBUG_INFORMATION_FORMAT = dwarf;
				ENABLE_STRICT_OBJC_MSGSEND = YES;
				ENABLE_TESTABILITY = YES;
				GCC_C_LANGUAGE_STANDARD = gnu11;
				GCC_DYNAMIC_NO_PIC = NO;
				GCC_NO_COMMON_BLOCKS = YES;
				GCC_OPTIMIZATION_LEVEL = 0;
				GCC_PREPROCESSOR_DEFINITIONS = (
					"DEBUG=1",
					"$(inherited)",
				);
				GCC_WARN_64_TO_32_BIT_CONVERSION = YES;
				GCC_WARN_ABOUT_RETURN_TYPE = YES_ERROR;
				GCC_WARN_UNDECLARED_SELECTOR = YES;
				GCC_WARN_UNINITIALIZED_AUTOS = YES_AGGRESSIVE;
				GCC_WARN_UNUSED_FUNCTION = YES;
				GCC_WARN_UNUSED_VARIABLE = YES;
				IPHONEOS_DEPLOYMENT_TARGET = 16.0;
				MTL_ENABLE_DEBUG_INFO = INCLUDE_SOURCE;
				MTL_FAST_MATH = YES;
				ONLY_ACTIVE_ARCH = YES;
				SDKROOT = iphoneos;
				SWIFT_ACTIVE_COMPILATION_CONDITIONS = DEBUG;
				SWIFT_OPTIMIZATION_LEVEL = "-Onone";
			};
			name = Debug;
		};
		CA84264C290094F30019291E /* Release */ = {
			isa = XCBuildConfiguration;
			buildSettings = {
				ALWAYS_SEARCH_USER_PATHS = NO;
				CLANG_ANALYZER_NONNULL = YES;
				CLANG_ANALYZER_NUMBER_OBJECT_CONVERSION = YES_AGGRESSIVE;
				CLANG_CXX_LANGUAGE_STANDARD = "gnu++20";
				CLANG_ENABLE_MODULES = YES;
				CLANG_ENABLE_OBJC_ARC = YES;
				CLANG_ENABLE_OBJC_WEAK = YES;
				CLANG_WARN_BLOCK_CAPTURE_AUTORELEASING = YES;
				CLANG_WARN_BOOL_CONVERSION = YES;
				CLANG_WARN_COMMA = YES;
				CLANG_WARN_CONSTANT_CONVERSION = YES;
				CLANG_WARN_DEPRECATED_OBJC_IMPLEMENTATIONS = YES;
				CLANG_WARN_DIRECT_OBJC_ISA_USAGE = YES_ERROR;
				CLANG_WARN_DOCUMENTATION_COMMENTS = YES;
				CLANG_WARN_EMPTY_BODY = YES;
				CLANG_WARN_ENUM_CONVERSION = YES;
				CLANG_WARN_INFINITE_RECURSION = YES;
				CLANG_WARN_INT_CONVERSION = YES;
				CLANG_WARN_NON_LITERAL_NULL_CONVERSION = YES;
				CLANG_WARN_OBJC_IMPLICIT_RETAIN_SELF = YES;
				CLANG_WARN_OBJC_LITERAL_CONVERSION = YES;
				CLANG_WARN_OBJC_ROOT_CLASS = YES_ERROR;
				CLANG_WARN_QUOTED_INCLUDE_IN_FRAMEWORK_HEADER = YES;
				CLANG_WARN_RANGE_LOOP_ANALYSIS = YES;
				CLANG_WARN_STRICT_PROTOTYPES = YES;
				CLANG_WARN_SUSPICIOUS_MOVE = YES;
				CLANG_WARN_UNGUARDED_AVAILABILITY = YES_AGGRESSIVE;
				CLANG_WARN_UNREACHABLE_CODE = YES;
				CLANG_WARN__DUPLICATE_METHOD_MATCH = YES;
				COPY_PHASE_STRIP = NO;
				DEBUG_INFORMATION_FORMAT = "dwarf-with-dsym";
				ENABLE_NS_ASSERTIONS = NO;
				ENABLE_STRICT_OBJC_MSGSEND = YES;
				GCC_C_LANGUAGE_STANDARD = gnu11;
				GCC_NO_COMMON_BLOCKS = YES;
				GCC_WARN_64_TO_32_BIT_CONVERSION = YES;
				GCC_WARN_ABOUT_RETURN_TYPE = YES_ERROR;
				GCC_WARN_UNDECLARED_SELECTOR = YES;
				GCC_WARN_UNINITIALIZED_AUTOS = YES_AGGRESSIVE;
				GCC_WARN_UNUSED_FUNCTION = YES;
				GCC_WARN_UNUSED_VARIABLE = YES;
				IPHONEOS_DEPLOYMENT_TARGET = 16.0;
				MTL_ENABLE_DEBUG_INFO = NO;
				MTL_FAST_MATH = YES;
				SDKROOT = iphoneos;
				SWIFT_COMPILATION_MODE = wholemodule;
				SWIFT_OPTIMIZATION_LEVEL = "-O";
				VALIDATE_PRODUCT = YES;
			};
			name = Release;
		};
		CA84264E290094F30019291E /* Debug */ = {
			isa = XCBuildConfiguration;
			buildSettings = {
				ASSETCATALOG_COMPILER_APPICON_NAME = AppIcon;
				ASSETCATALOG_COMPILER_GLOBAL_ACCENT_COLOR_NAME = AccentColor;
				CODE_SIGN_STYLE = Automatic;
				CURRENT_PROJECT_VERSION = 1;
				DEVELOPMENT_TEAM = S3ZFXWB2M3;
				GENERATE_INFOPLIST_FILE = YES;
				INFOPLIST_FILE = AlertProject/Info.plist;
				INFOPLIST_KEY_UIApplicationSupportsIndirectInputEvents = YES;
				INFOPLIST_KEY_UILaunchStoryboardName = LaunchScreen;
				INFOPLIST_KEY_UIMainStoryboardFile = Main;
				INFOPLIST_KEY_UISupportedInterfaceOrientations_iPad = "UIInterfaceOrientationPortrait UIInterfaceOrientationPortraitUpsideDown UIInterfaceOrientationLandscapeLeft UIInterfaceOrientationLandscapeRight";
				INFOPLIST_KEY_UISupportedInterfaceOrientations_iPhone = "UIInterfaceOrientationPortrait UIInterfaceOrientationLandscapeLeft UIInterfaceOrientationLandscapeRight";
				LD_RUNPATH_SEARCH_PATHS = (
					"$(inherited)",
					"@executable_path/Frameworks",
				);
				MARKETING_VERSION = 1.0;
				PRODUCT_BUNDLE_IDENTIFIER = com.yusufmertyildiz.AlertProject;
				PRODUCT_NAME = "$(TARGET_NAME)";
				SWIFT_EMIT_LOC_STRINGS = YES;
				SWIFT_VERSION = 5.0;
				TARGETED_DEVICE_FAMILY = "1,2";
			};
			name = Debug;
		};
		CA84264F290094F30019291E /* Release */ = {
			isa = XCBuildConfiguration;
			buildSettings = {
				ASSETCATALOG_COMPILER_APPICON_NAME = AppIcon;
				ASSETCATALOG_COMPILER_GLOBAL_ACCENT_COLOR_NAME = AccentColor;
				CODE_SIGN_STYLE = Automatic;
				CURRENT_PROJECT_VERSION = 1;
				DEVELOPMENT_TEAM = S3ZFXWB2M3;
				GENERATE_INFOPLIST_FILE = YES;
				INFOPLIST_FILE = AlertProject/Info.plist;
				INFOPLIST_KEY_UIApplicationSupportsIndirectInputEvents = YES;
				INFOPLIST_KEY_UILaunchStoryboardName = LaunchScreen;
				INFOPLIST_KEY_UIMainStoryboardFile = Main;
				INFOPLIST_KEY_UISupportedInterfaceOrientations_iPad = "UIInterfaceOrientationPortrait UIInterfaceOrientationPortraitUpsideDown UIInterfaceOrientationLandscapeLeft UIInterfaceOrientationLandscapeRight";
				INFOPLIST_KEY_UISupportedInterfaceOrientations_iPhone = "UIInterfaceOrientationPortrait UIInterfaceOrientationLandscapeLeft UIInterfaceOrientationLandscapeRight";
				LD_RUNPATH_SEARCH_PATHS = (
					"$(inherited)",
					"@executable_path/Frameworks",
				);
				MARKETING_VERSION = 1.0;
				PRODUCT_BUNDLE_IDENTIFIER = com.yusufmertyildiz.AlertProject;
				PRODUCT_NAME = "$(TARGET_NAME)";
				SWIFT_EMIT_LOC_STRINGS = YES;
				SWIFT_VERSION = 5.0;
				TARGETED_DEVICE_FAMILY = "1,2";
			};
			name = Release;
		};
		CA842651290094F30019291E /* Debug */ = {
			isa = XCBuildConfiguration;
			buildSettings = {
				ALWAYS_EMBED_SWIFT_STANDARD_LIBRARIES = YES;
				BUNDLE_LOADER = "$(TEST_HOST)";
				CODE_SIGN_STYLE = Automatic;
				CURRENT_PROJECT_VERSION = 1;
				DEVELOPMENT_TEAM = S3ZFXWB2M3;
				GENERATE_INFOPLIST_FILE = YES;
				IPHONEOS_DEPLOYMENT_TARGET = 16.0;
				MARKETING_VERSION = 1.0;
				PRODUCT_BUNDLE_IDENTIFIER = com.yusufmertyildiz.AlertProjectTests;
				PRODUCT_NAME = "$(TARGET_NAME)";
				SWIFT_EMIT_LOC_STRINGS = NO;
				SWIFT_VERSION = 5.0;
				TARGETED_DEVICE_FAMILY = "1,2";
				TEST_HOST = "$(BUILT_PRODUCTS_DIR)/AlertProject.app/$(BUNDLE_EXECUTABLE_FOLDER_PATH)/AlertProject";
			};
			name = Debug;
		};
		CA842652290094F30019291E /* Release */ = {
			isa = XCBuildConfiguration;
			buildSettings = {
				ALWAYS_EMBED_SWIFT_STANDARD_LIBRARIES = YES;
				BUNDLE_LOADER = "$(TEST_HOST)";
				CODE_SIGN_STYLE = Automatic;
				CURRENT_PROJECT_VERSION = 1;
				DEVELOPMENT_TEAM = S3ZFXWB2M3;
				GENERATE_INFOPLIST_FILE = YES;
				IPHONEOS_DEPLOYMENT_TARGET = 16.0;
				MARKETING_VERSION = 1.0;
				PRODUCT_BUNDLE_IDENTIFIER = com.yusufmertyildiz.AlertProjectTests;
				PRODUCT_NAME = "$(TARGET_NAME)";
				SWIFT_EMIT_LOC_STRINGS = NO;
				SWIFT_VERSION = 5.0;
				TARGETED_DEVICE_FAMILY = "1,2";
				TEST_HOST = "$(BUILT_PRODUCTS_DIR)/AlertProject.app/$(BUNDLE_EXECUTABLE_FOLDER_PATH)/AlertProject";
			};
			name = Release;
		};
		CA842654290094F30019291E /* Debug */ = {
			isa = XCBuildConfiguration;
			buildSettings = {
				ALWAYS_EMBED_SWIFT_STANDARD_LIBRARIES = YES;
				CODE_SIGN_STYLE = Automatic;
				CURRENT_PROJECT_VERSION = 1;
				DEVELOPMENT_TEAM = S3ZFXWB2M3;
				GENERATE_INFOPLIST_FILE = YES;
				MARKETING_VERSION = 1.0;
				PRODUCT_BUNDLE_IDENTIFIER = com.yusufmertyildiz.AlertProjectUITests;
				PRODUCT_NAME = "$(TARGET_NAME)";
				SWIFT_EMIT_LOC_STRINGS = NO;
				SWIFT_VERSION = 5.0;
				TARGETED_DEVICE_FAMILY = "1,2";
				TEST_TARGET_NAME = AlertProject;
			};
			name = Debug;
		};
		CA842655290094F30019291E /* Release */ = {
			isa = XCBuildConfiguration;
			buildSettings = {
				ALWAYS_EMBED_SWIFT_STANDARD_LIBRARIES = YES;
				CODE_SIGN_STYLE = Automatic;
				CURRENT_PROJECT_VERSION = 1;
				DEVELOPMENT_TEAM = S3ZFXWB2M3;
				GENERATE_INFOPLIST_FILE = YES;
				MARKETING_VERSION = 1.0;
				PRODUCT_BUNDLE_IDENTIFIER = com.yusufmertyildiz.AlertProjectUITests;
				PRODUCT_NAME = "$(TARGET_NAME)";
				SWIFT_EMIT_LOC_STRINGS = NO;
				SWIFT_VERSION = 5.0;
				TARGETED_DEVICE_FAMILY = "1,2";
				TEST_TARGET_NAME = AlertProject;
			};
			name = Release;
		};
/* End XCBuildConfiguration section */

/* Begin XCConfigurationList section */
		CA84261E290094F20019291E /* Build configuration list for PBXProject "AlertProject" */ = {
			isa = XCConfigurationList;
			buildConfigurations = (
				CA84264B290094F30019291E /* Debug */,
				CA84264C290094F30019291E /* Release */,
			);
			defaultConfigurationIsVisible = 0;
			defaultConfigurationName = Release;
		};
		CA84264D290094F30019291E /* Build configuration list for PBXNativeTarget "AlertProject" */ = {
			isa = XCConfigurationList;
			buildConfigurations = (
				CA84264E290094F30019291E /* Debug */,
				CA84264F290094F30019291E /* Release */,
			);
			defaultConfigurationIsVisible = 0;
			defaultConfigurationName = Release;
		};
		CA842650290094F30019291E /* Build configuration list for PBXNativeTarget "AlertProjectTests" */ = {
			isa = XCConfigurationList;
			buildConfigurations = (
				CA842651290094F30019291E /* Debug */,
				CA842652290094F30019291E /* Release */,
			);
			defaultConfigurationIsVisible = 0;
			defaultConfigurationName = Release;
		};
		CA842653290094F30019291E /* Build configuration list for PBXNativeTarget "AlertProjectUITests" */ = {
			isa = XCConfigurationList;
			buildConfigurations = (
				CA842654290094F30019291E /* Debug */,
				CA842655290094F30019291E /* Release */,
			);
			defaultConfigurationIsVisible = 0;
			defaultConfigurationName = Release;
		};
/* End XCConfigurationList section */
	};
	rootObject = CA84261B290094F20019291E /* Project object */;
}
